// !$*UTF8*$!
{
	archiveVersion = 1;
	classes = {
	};
	objectVersion = 56;
	objects = {

/* Begin PBXBuildFile section */
		AD2176152D76879600B8FD34 /* homeScreenVC.swift in Sources */ = {isa = PBXBuildFile; fileRef = AD2176142D76879600B8FD34 /* homeScreenVC.swift */; };
		ADC171EB2D8F6BF500F86FBF /* ChartViewController.swift in Sources */ = {isa = PBXBuildFile; fileRef = ADC171EA2D8F6BF500F86FBF /* ChartViewController.swift */; };
		ADEEC0AD2D47F91E00DFD376 /* AppDelegate.swift in Sources */ = {isa = PBXBuildFile; fileRef = ADEEC0AC2D47F91E00DFD376 /* AppDelegate.swift */; };
		ADEEC0AF2D47F91E00DFD376 /* SceneDelegate.swift in Sources */ = {isa = PBXBuildFile; fileRef = ADEEC0AE2D47F91E00DFD376 /* SceneDelegate.swift */; };
		ADEEC0B12D47F91E00DFD376 /* ViewController.swift in Sources */ = {isa = PBXBuildFile; fileRef = ADEEC0B02D47F91E00DFD376 /* ViewController.swift */; };
		ADEEC0B42D47F91E00DFD376 /* Base in Resources */ = {isa = PBXBuildFile; fileRef = ADEEC0B32D47F91E00DFD376 /* Base */; };
		ADEEC0B62D47F92000DFD376 /* Assets.xcassets in Resources */ = {isa = PBXBuildFile; fileRef = ADEEC0B52D47F92000DFD376 /* Assets.xcassets */; };
		ADEEC0B92D47F92000DFD376 /* Base in Resources */ = {isa = PBXBuildFile; fileRef = ADEEC0B82D47F92000DFD376 /* Base */; };
		ADEEC0C42D47F92000DFD376 /* BME261LTests.swift in Sources */ = {isa = PBXBuildFile; fileRef = ADEEC0C32D47F92000DFD376 /* BME261LTests.swift */; };
		ADEEC0CE2D47F92000DFD376 /* BME261LUITests.swift in Sources */ = {isa = PBXBuildFile; fileRef = ADEEC0CD2D47F92000DFD376 /* BME261LUITests.swift */; };
		ADEEC0D02D47F92000DFD376 /* BME261LUITestsLaunchTests.swift in Sources */ = {isa = PBXBuildFile; fileRef = ADEEC0CF2D47F92000DFD376 /* BME261LUITestsLaunchTests.swift */; };
		ADEEC0E02D48414A00DFD376 /* FirebaseAuth in Frameworks */ = {isa = PBXBuildFile; productRef = ADEEC0DF2D48414A00DFD376 /* FirebaseAuth */; };
		ADEEC0E22D48414A00DFD376 /* FirebaseAuthCombine-Community in Frameworks */ = {isa = PBXBuildFile; productRef = ADEEC0E12D48414A00DFD376 /* FirebaseAuthCombine-Community */; };
		ADEEC0E42D48414A00DFD376 /* FirebaseCore in Frameworks */ = {isa = PBXBuildFile; productRef = ADEEC0E32D48414A00DFD376 /* FirebaseCore */; };
		ADEEC0E62D48414A00DFD376 /* FirebaseDatabase in Frameworks */ = {isa = PBXBuildFile; productRef = ADEEC0E52D48414A00DFD376 /* FirebaseDatabase */; };
		ADEEC0E82D48414A00DFD376 /* FirebaseInAppMessaging-Beta in Frameworks */ = {isa = PBXBuildFile; productRef = ADEEC0E72D48414A00DFD376 /* FirebaseInAppMessaging-Beta */; };
		ADEEC0EA2D48414A00DFD376 /* FirebaseMLModelDownloader in Frameworks */ = {isa = PBXBuildFile; productRef = ADEEC0E92D48414A00DFD376 /* FirebaseMLModelDownloader */; };
		ADEEC0EC2D48414A00DFD376 /* FirebaseMessaging in Frameworks */ = {isa = PBXBuildFile; productRef = ADEEC0EB2D48414A00DFD376 /* FirebaseMessaging */; };
		ADEEC0EE2D4843F200DFD376 /* SignUpViewController.swift in Sources */ = {isa = PBXBuildFile; fileRef = ADEEC0ED2D4843F200DFD376 /* SignUpViewController.swift */; };
		ADEEC0F02D4846DF00DFD376 /* GoogleService-Info.plist in Resources */ = {isa = PBXBuildFile; fileRef = ADEEC0EF2D4846DF00DFD376 /* GoogleService-Info.plist */; };
/* End PBXBuildFile section */

/* Begin PBXContainerItemProxy section */
		ADEEC0C02D47F92000DFD376 /* PBXContainerItemProxy */ = {
			isa = PBXContainerItemProxy;
			containerPortal = ADEEC0A12D47F91E00DFD376 /* Project object */;
			proxyType = 1;
			remoteGlobalIDString = ADEEC0A82D47F91E00DFD376;
			remoteInfo = BME261L;
		};
		ADEEC0CA2D47F92000DFD376 /* PBXContainerItemProxy */ = {
			isa = PBXContainerItemProxy;
			containerPortal = ADEEC0A12D47F91E00DFD376 /* Project object */;
			proxyType = 1;
			remoteGlobalIDString = ADEEC0A82D47F91E00DFD376;
			remoteInfo = BME261L;
		};
/* End PBXContainerItemProxy section */

/* Begin PBXFileReference section */
		AD2176142D76879600B8FD34 /* homeScreenVC.swift */ = {isa = PBXFileReference; lastKnownFileType = sourcecode.swift; path = homeScreenVC.swift; sourceTree = "<group>"; };
		ADC171EA2D8F6BF500F86FBF /* ChartViewController.swift */ = {isa = PBXFileReference; lastKnownFileType = sourcecode.swift; path = ChartViewController.swift; sourceTree = "<group>"; };
		ADEEC0A92D47F91E00DFD376 /* BME261L.app */ = {isa = PBXFileReference; explicitFileType = wrapper.application; includeInIndex = 0; path = BME261L.app; sourceTree = BUILT_PRODUCTS_DIR; };
		ADEEC0AC2D47F91E00DFD376 /* AppDelegate.swift */ = {isa = PBXFileReference; lastKnownFileType = sourcecode.swift; path = AppDelegate.swift; sourceTree = "<group>"; };
		ADEEC0AE2D47F91E00DFD376 /* SceneDelegate.swift */ = {isa = PBXFileReference; lastKnownFileType = sourcecode.swift; path = SceneDelegate.swift; sourceTree = "<group>"; };
		ADEEC0B02D47F91E00DFD376 /* ViewController.swift */ = {isa = PBXFileReference; lastKnownFileType = sourcecode.swift; path = ViewController.swift; sourceTree = "<group>"; };
		ADEEC0B32D47F91E00DFD376 /* Base */ = {isa = PBXFileReference; lastKnownFileType = file.storyboard; name = Base; path = Base.lproj/Main.storyboard; sourceTree = "<group>"; };
		ADEEC0B52D47F92000DFD376 /* Assets.xcassets */ = {isa = PBXFileReference; lastKnownFileType = folder.assetcatalog; path = Assets.xcassets; sourceTree = "<group>"; };
		ADEEC0B82D47F92000DFD376 /* Base */ = {isa = PBXFileReference; lastKnownFileType = file.storyboard; name = Base; path = Base.lproj/LaunchScreen.storyboard; sourceTree = "<group>"; };
		ADEEC0BA2D47F92000DFD376 /* Info.plist */ = {isa = PBXFileReference; lastKnownFileType = text.plist.xml; path = Info.plist; sourceTree = "<group>"; };
		ADEEC0BF2D47F92000DFD376 /* BME261LTests.xctest */ = {isa = PBXFileReference; explicitFileType = wrapper.cfbundle; includeInIndex = 0; path = BME261LTests.xctest; sourceTree = BUILT_PRODUCTS_DIR; };
		ADEEC0C32D47F92000DFD376 /* BME261LTests.swift */ = {isa = PBXFileReference; lastKnownFileType = sourcecode.swift; path = BME261LTests.swift; sourceTree = "<group>"; };
		ADEEC0C92D47F92000DFD376 /* BME261LUITests.xctest */ = {isa = PBXFileReference; explicitFileType = wrapper.cfbundle; includeInIndex = 0; path = BME261LUITests.xctest; sourceTree = BUILT_PRODUCTS_DIR; };
		ADEEC0CD2D47F92000DFD376 /* BME261LUITests.swift */ = {isa = PBXFileReference; lastKnownFileType = sourcecode.swift; path = BME261LUITests.swift; sourceTree = "<group>"; };
		ADEEC0CF2D47F92000DFD376 /* BME261LUITestsLaunchTests.swift */ = {isa = PBXFileReference; lastKnownFileType = sourcecode.swift; path = BME261LUITestsLaunchTests.swift; sourceTree = "<group>"; };
		ADEEC0ED2D4843F200DFD376 /* SignUpViewController.swift */ = {isa = PBXFileReference; lastKnownFileType = sourcecode.swift; path = SignUpViewController.swift; sourceTree = "<group>"; };
		ADEEC0EF2D4846DF00DFD376 /* GoogleService-Info.plist */ = {isa = PBXFileReference; fileEncoding = 4; lastKnownFileType = text.plist.xml; name = "GoogleService-Info.plist"; path = "../GoogleService-Info.plist"; sourceTree = "<group>"; };
/* End PBXFileReference section */

/* Begin PBXFrameworksBuildPhase section */
		ADEEC0A62D47F91E00DFD376 /* Frameworks */ = {
			isa = PBXFrameworksBuildPhase;
			buildActionMask = 2147483647;
			files = (
				ADEEC0E02D48414A00DFD376 /* FirebaseAuth in Frameworks */,
				ADEEC0E42D48414A00DFD376 /* FirebaseCore in Frameworks */,
				ADEEC0EC2D48414A00DFD376 /* FirebaseMessaging in Frameworks */,
				ADEEC0E62D48414A00DFD376 /* FirebaseDatabase in Frameworks */,
				ADEEC0EA2D48414A00DFD376 /* FirebaseMLModelDownloader in Frameworks */,
				ADEEC0E22D48414A00DFD376 /* FirebaseAuthCombine-Community in Frameworks */,
				ADEEC0E82D48414A00DFD376 /* FirebaseInAppMessaging-Beta in Frameworks */,
			);
			runOnlyForDeploymentPostprocessing = 0;
		};
		ADEEC0BC2D47F92000DFD376 /* Frameworks */ = {
			isa = PBXFrameworksBuildPhase;
			buildActionMask = 2147483647;
			files = (
			);
			runOnlyForDeploymentPostprocessing = 0;
		};
		ADEEC0C62D47F92000DFD376 /* Frameworks */ = {
			isa = PBXFrameworksBuildPhase;
			buildActionMask = 2147483647;
			files = (
			);
			runOnlyForDeploymentPostprocessing = 0;
		};
/* End PBXFrameworksBuildPhase section */

/* Begin PBXGroup section */
		ADEEC0A02D47F91E00DFD376 = {
			isa = PBXGroup;
			children = (
				ADEEC0EF2D4846DF00DFD376 /* GoogleService-Info.plist */,
				ADEEC0AB2D47F91E00DFD376 /* BME261L */,
				ADEEC0C22D47F92000DFD376 /* BME261LTests */,
				ADEEC0CC2D47F92000DFD376 /* BME261LUITests */,
				ADEEC0AA2D47F91E00DFD376 /* Products */,
			);
			sourceTree = "<group>";
		};
		ADEEC0AA2D47F91E00DFD376 /* Products */ = {
			isa = PBXGroup;
			children = (
				ADEEC0A92D47F91E00DFD376 /* BME261L.app */,
				ADEEC0BF2D47F92000DFD376 /* BME261LTests.xctest */,
				ADEEC0C92D47F92000DFD376 /* BME261LUITests.xctest */,
			);
			name = Products;
			sourceTree = "<group>";
		};
		ADEEC0AB2D47F91E00DFD376 /* BME261L */ = {
			isa = PBXGroup;
			children = (
				ADEEC0AC2D47F91E00DFD376 /* AppDelegate.swift */,
				ADEEC0AE2D47F91E00DFD376 /* SceneDelegate.swift */,
				ADEEC0B02D47F91E00DFD376 /* ViewController.swift */,
				ADEEC0B22D47F91E00DFD376 /* Main.storyboard */,
				ADC171EA2D8F6BF500F86FBF /* ChartViewController.swift */,
				AD2176142D76879600B8FD34 /* homeScreenVC.swift */,
				ADEEC0ED2D4843F200DFD376 /* SignUpViewController.swift */,
				ADEEC0B52D47F92000DFD376 /* Assets.xcassets */,
				ADEEC0B72D47F92000DFD376 /* LaunchScreen.storyboard */,
				ADEEC0BA2D47F92000DFD376 /* Info.plist */,
			);
			path = BME261L;
			sourceTree = "<group>";
		};
		ADEEC0C22D47F92000DFD376 /* BME261LTests */ = {
			isa = PBXGroup;
			children = (
				ADEEC0C32D47F92000DFD376 /* BME261LTests.swift */,
			);
			path = BME261LTests;
			sourceTree = "<group>";
		};
		ADEEC0CC2D47F92000DFD376 /* BME261LUITests */ = {
			isa = PBXGroup;
			children = (
				ADEEC0CD2D47F92000DFD376 /* BME261LUITests.swift */,
				ADEEC0CF2D47F92000DFD376 /* BME261LUITestsLaunchTests.swift */,
			);
			path = BME261LUITests;
			sourceTree = "<group>";
		};
/* End PBXGroup section */

/* Begin PBXNativeTarget section */
		ADEEC0A82D47F91E00DFD376 /* BME261L */ = {
			isa = PBXNativeTarget;
			buildConfigurationList = ADEEC0D32D47F92000DFD376 /* Build configuration list for PBXNativeTarget "BME261L" */;
			buildPhases = (
				ADEEC0A52D47F91E00DFD376 /* Sources */,
				ADEEC0A62D47F91E00DFD376 /* Frameworks */,
				ADEEC0A72D47F91E00DFD376 /* Resources */,
			);
			buildRules = (
			);
			dependencies = (
			);
			name = BME261L;
			packageProductDependencies = (
				ADEEC0DF2D48414A00DFD376 /* FirebaseAuth */,
				ADEEC0E12D48414A00DFD376 /* FirebaseAuthCombine-Community */,
				ADEEC0E32D48414A00DFD376 /* FirebaseCore */,
				ADEEC0E52D48414A00DFD376 /* FirebaseDatabase */,
				ADEEC0E72D48414A00DFD376 /* FirebaseInAppMessaging-Beta */,
				ADEEC0E92D48414A00DFD376 /* FirebaseMLModelDownloader */,
				ADEEC0EB2D48414A00DFD376 /* FirebaseMessaging */,
			);
			productName = BME261L;
			productReference = ADEEC0A92D47F91E00DFD376 /* BME261L.app */;
			productType = "com.apple.product-type.application";
		};
		ADEEC0BE2D47F92000DFD376 /* BME261LTests */ = {
			isa = PBXNativeTarget;
			buildConfigurationList = ADEEC0D62D47F92000DFD376 /* Build configuration list for PBXNativeTarget "BME261LTests" */;
			buildPhases = (
				ADEEC0BB2D47F92000DFD376 /* Sources */,
				ADEEC0BC2D47F92000DFD376 /* Frameworks */,
				ADEEC0BD2D47F92000DFD376 /* Resources */,
			);
			buildRules = (
			);
			dependencies = (
				ADEEC0C12D47F92000DFD376 /* PBXTargetDependency */,
			);
			name = BME261LTests;
			productName = BME261LTests;
			productReference = ADEEC0BF2D47F92000DFD376 /* BME261LTests.xctest */;
			productType = "com.apple.product-type.bundle.unit-test";
		};
		ADEEC0C82D47F92000DFD376 /* BME261LUITests */ = {
			isa = PBXNativeTarget;
			buildConfigurationList = ADEEC0D92D47F92000DFD376 /* Build configuration list for PBXNativeTarget "BME261LUITests" */;
			buildPhases = (
				ADEEC0C52D47F92000DFD376 /* Sources */,
				ADEEC0C62D47F92000DFD376 /* Frameworks */,
				ADEEC0C72D47F92000DFD376 /* Resources */,
			);
			buildRules = (
			);
			dependencies = (
				ADEEC0CB2D47F92000DFD376 /* PBXTargetDependency */,
			);
			name = BME261LUITests;
			productName = BME261LUITests;
			productReference = ADEEC0C92D47F92000DFD376 /* BME261LUITests.xctest */;
			productType = "com.apple.product-type.bundle.ui-testing";
		};
/* End PBXNativeTarget section */

/* Begin PBXProject section */
		ADEEC0A12D47F91E00DFD376 /* Project object */ = {
			isa = PBXProject;
			attributes = {
				BuildIndependentTargetsInParallel = 1;
				LastSwiftUpdateCheck = 1540;
				LastUpgradeCheck = 1540;
				TargetAttributes = {
					ADEEC0A82D47F91E00DFD376 = {
						CreatedOnToolsVersion = 15.4;
					};
					ADEEC0BE2D47F92000DFD376 = {
						CreatedOnToolsVersion = 15.4;
						TestTargetID = ADEEC0A82D47F91E00DFD376;
					};
					ADEEC0C82D47F92000DFD376 = {
						CreatedOnToolsVersion = 15.4;
						TestTargetID = ADEEC0A82D47F91E00DFD376;
					};
				};
			};
			buildConfigurationList = ADEEC0A42D47F91E00DFD376 /* Build configuration list for PBXProject "BME261L" */;
			compatibilityVersion = "Xcode 14.0";
			developmentRegion = en;
			hasScannedForEncodings = 0;
			knownRegions = (
				en,
				Base,
			);
			mainGroup = ADEEC0A02D47F91E00DFD376;
			packageReferences = (
				ADEEC0DE2D48414A00DFD376 /* XCRemoteSwiftPackageReference "firebase-ios-sdk" */,
			);
			productRefGroup = ADEEC0AA2D47F91E00DFD376 /* Products */;
			projectDirPath = "";
			projectRoot = "";
			targets = (
				ADEEC0A82D47F91E00DFD376 /* BME261L */,
				ADEEC0BE2D47F92000DFD376 /* BME261LTests */,
				ADEEC0C82D47F92000DFD376 /* BME261LUITests */,
			);
		};
/* End PBXProject section */

/* Begin PBXResourcesBuildPhase section */
		ADEEC0A72D47F91E00DFD376 /* Resources */ = {
			isa = PBXResourcesBuildPhase;
			buildActionMask = 2147483647;
			files = (
				ADEEC0B62D47F92000DFD376 /* Assets.xcassets in Resources */,
				ADEEC0F02D4846DF00DFD376 /* GoogleService-Info.plist in Resources */,
				ADEEC0B92D47F92000DFD376 /* Base in Resources */,
				ADEEC0B42D47F91E00DFD376 /* Base in Resources */,
			);
			runOnlyForDeploymentPostprocessing = 0;
		};
		ADEEC0BD2D47F92000DFD376 /* Resources */ = {
			isa = PBXResourcesBuildPhase;
			buildActionMask = 2147483647;
			files = (
			);
			runOnlyForDeploymentPostprocessing = 0;
		};
		ADEEC0C72D47F92000DFD376 /* Resources */ = {
			isa = PBXResourcesBuildPhase;
			buildActionMask = 2147483647;
			files = (
			);
			runOnlyForDeploymentPostprocessing = 0;
		};
/* End PBXResourcesBuildPhase section */

/* Begin PBXSourcesBuildPhase section */
		ADEEC0A52D47F91E00DFD376 /* Sources */ = {
			isa = PBXSourcesBuildPhase;
			buildActionMask = 2147483647;
			files = (
				ADEEC0B12D47F91E00DFD376 /* ViewController.swift in Sources */,
				ADEEC0AD2D47F91E00DFD376 /* AppDelegate.swift in Sources */,
				ADEEC0EE2D4843F200DFD376 /* SignUpViewController.swift in Sources */,
				AD2176152D76879600B8FD34 /* homeScreenVC.swift in Sources */,
				ADEEC0AF2D47F91E00DFD376 /* SceneDelegate.swift in Sources */,
				ADC171EB2D8F6BF500F86FBF /* ChartViewController.swift in Sources */,
			);
			runOnlyForDeploymentPostprocessing = 0;
		};
		ADEEC0BB2D47F92000DFD376 /* Sources */ = {
			isa = PBXSourcesBuildPhase;
			buildActionMask = 2147483647;
			files = (
				ADEEC0C42D47F92000DFD376 /* BME261LTests.swift in Sources */,
			);
			runOnlyForDeploymentPostprocessing = 0;
		};
		ADEEC0C52D47F92000DFD376 /* Sources */ = {
			isa = PBXSourcesBuildPhase;
			buildActionMask = 2147483647;
			files = (
				ADEEC0D02D47F92000DFD376 /* BME261LUITestsLaunchTests.swift in Sources */,
				ADEEC0CE2D47F92000DFD376 /* BME261LUITests.swift in Sources */,
			);
			runOnlyForDeploymentPostprocessing = 0;
		};
/* End PBXSourcesBuildPhase section */

/* Begin PBXTargetDependency section */
		ADEEC0C12D47F92000DFD376 /* PBXTargetDependency */ = {
			isa = PBXTargetDependency;
			target = ADEEC0A82D47F91E00DFD376 /* BME261L */;
			targetProxy = ADEEC0C02D47F92000DFD376 /* PBXContainerItemProxy */;
		};
		ADEEC0CB2D47F92000DFD376 /* PBXTargetDependency */ = {
			isa = PBXTargetDependency;
			target = ADEEC0A82D47F91E00DFD376 /* BME261L */;
			targetProxy = ADEEC0CA2D47F92000DFD376 /* PBXContainerItemProxy */;
		};
/* End PBXTargetDependency section */

/* Begin PBXVariantGroup section */
		ADEEC0B22D47F91E00DFD376 /* Main.storyboard */ = {
			isa = PBXVariantGroup;
			children = (
				ADEEC0B32D47F91E00DFD376 /* Base */,
			);
			name = Main.storyboard;
			sourceTree = "<group>";
		};
		ADEEC0B72D47F92000DFD376 /* LaunchScreen.storyboard */ = {
			isa = PBXVariantGroup;
			children = (
				ADEEC0B82D47F92000DFD376 /* Base */,
			);
			name = LaunchScreen.storyboard;
			sourceTree = "<group>";
		};
/* End PBXVariantGroup section */

/* Begin XCBuildConfiguration section */
		ADEEC0D12D47F92000DFD376 /* Debug */ = {
			isa = XCBuildConfiguration;
			buildSettings = {
				ALWAYS_SEARCH_USER_PATHS = NO;
				ASSETCATALOG_COMPILER_GENERATE_SWIFT_ASSET_SYMBOL_EXTENSIONS = YES;
				CLANG_ANALYZER_NONNULL = YES;
				CLANG_ANALYZER_NUMBER_OBJECT_CONVERSION = YES_AGGRESSIVE;
				CLANG_CXX_LANGUAGE_STANDARD = "gnu++20";
				CLANG_ENABLE_MODULES = YES;
				CLANG_ENABLE_OBJC_ARC = YES;
				CLANG_ENABLE_OBJC_WEAK = YES;
				CLANG_WARN_BLOCK_CAPTURE_AUTORELEASING = YES;
				CLANG_WARN_BOOL_CONVERSION = YES;
				CLANG_WARN_COMMA = YES;
				CLANG_WARN_CONSTANT_CONVERSION = YES;
				CLANG_WARN_DEPRECATED_OBJC_IMPLEMENTATIONS = YES;
				CLANG_WARN_DIRECT_OBJC_ISA_USAGE = YES_ERROR;
				CLANG_WARN_DOCUMENTATION_COMMENTS = YES;
				CLANG_WARN_EMPTY_BODY = YES;
				CLANG_WARN_ENUM_CONVERSION = YES;
				CLANG_WARN_INFINITE_RECURSION = YES;
				CLANG_WARN_INT_CONVERSION = YES;
				CLANG_WARN_NON_LITERAL_NULL_CONVERSION = YES;
				CLANG_WARN_OBJC_IMPLICIT_RETAIN_SELF = YES;
				CLANG_WARN_OBJC_LITERAL_CONVERSION = YES;
				CLANG_WARN_OBJC_ROOT_CLASS = YES_ERROR;
				CLANG_WARN_QUOTED_INCLUDE_IN_FRAMEWORK_HEADER = YES;
				CLANG_WARN_RANGE_LOOP_ANALYSIS = YES;
				CLANG_WARN_STRICT_PROTOTYPES = YES;
				CLANG_WARN_SUSPICIOUS_MOVE = YES;
				CLANG_WARN_UNGUARDED_AVAILABILITY = YES_AGGRESSIVE;
				CLANG_WARN_UNREACHABLE_CODE = YES;
				CLANG_WARN__DUPLICATE_METHOD_MATCH = YES;
				COPY_PHASE_STRIP = NO;
				DEBUG_INFORMATION_FORMAT = dwarf;
				ENABLE_STRICT_OBJC_MSGSEND = YES;
				ENABLE_TESTABILITY = YES;
				ENABLE_USER_SCRIPT_SANDBOXING = YES;
				GCC_C_LANGUAGE_STANDARD = gnu17;
				GCC_DYNAMIC_NO_PIC = NO;
				GCC_NO_COMMON_BLOCKS = YES;
				GCC_OPTIMIZATION_LEVEL = 0;
				GCC_PREPROCESSOR_DEFINITIONS = (
					"DEBUG=1",
					"$(inherited)",
				);
				GCC_WARN_64_TO_32_BIT_CONVERSION = YES;
				GCC_WARN_ABOUT_RETURN_TYPE = YES_ERROR;
				GCC_WARN_UNDECLARED_SELECTOR = YES;
				GCC_WARN_UNINITIALIZED_AUTOS = YES_AGGRESSIVE;
				GCC_WARN_UNUSED_FUNCTION = YES;
				GCC_WARN_UNUSED_VARIABLE = YES;
				IPHONEOS_DEPLOYMENT_TARGET = 17.5;
				LOCALIZATION_PREFERS_STRING_CATALOGS = YES;
				MTL_ENABLE_DEBUG_INFO = INCLUDE_SOURCE;
				MTL_FAST_MATH = YES;
				ONLY_ACTIVE_ARCH = YES;
				SDKROOT = iphoneos;
				SWIFT_ACTIVE_COMPILATION_CONDITIONS = "DEBUG $(inherited)";
				SWIFT_OPTIMIZATION_LEVEL = "-Onone";
			};
			name = Debug;
		};
		ADEEC0D22D47F92000DFD376 /* Release */ = {
			isa = XCBuildConfiguration;
			buildSettings = {
				ALWAYS_SEARCH_USER_PATHS = NO;
				ASSETCATALOG_COMPILER_GENERATE_SWIFT_ASSET_SYMBOL_EXTENSIONS = YES;
				CLANG_ANALYZER_NONNULL = YES;
				CLANG_ANALYZER_NUMBER_OBJECT_CONVERSION = YES_AGGRESSIVE;
				CLANG_CXX_LANGUAGE_STANDARD = "gnu++20";
				CLANG_ENABLE_MODULES = YES;
				CLANG_ENABLE_OBJC_ARC = YES;
				CLANG_ENABLE_OBJC_WEAK = YES;
				CLANG_WARN_BLOCK_CAPTURE_AUTORELEASING = YES;
				CLANG_WARN_BOOL_CONVERSION = YES;
				CLANG_WARN_COMMA = YES;
				CLANG_WARN_CONSTANT_CONVERSION = YES;
				CLANG_WARN_DEPRECATED_OBJC_IMPLEMENTATIONS = YES;
				CLANG_WARN_DIRECT_OBJC_ISA_USAGE = YES_ERROR;
				CLANG_WARN_DOCUMENTATION_COMMENTS = YES;
				CLANG_WARN_EMPTY_BODY = YES;
				CLANG_WARN_ENUM_CONVERSION = YES;
				CLANG_WARN_INFINITE_RECURSION = YES;
				CLANG_WARN_INT_CONVERSION = YES;
				CLANG_WARN_NON_LITERAL_NULL_CONVERSION = YES;
				CLANG_WARN_OBJC_IMPLICIT_RETAIN_SELF = YES;
				CLANG_WARN_OBJC_LITERAL_CONVERSION = YES;
				CLANG_WARN_OBJC_ROOT_CLASS = YES_ERROR;
				CLANG_WARN_QUOTED_INCLUDE_IN_FRAMEWORK_HEADER = YES;
				CLANG_WARN_RANGE_LOOP_ANALYSIS = YES;
				CLANG_WARN_STRICT_PROTOTYPES = YES;
				CLANG_WARN_SUSPICIOUS_MOVE = YES;
				CLANG_WARN_UNGUARDED_AVAILABILITY = YES_AGGRESSIVE;
				CLANG_WARN_UNREACHABLE_CODE = YES;
				CLANG_WARN__DUPLICATE_METHOD_MATCH = YES;
				COPY_PHASE_STRIP = NO;
				DEBUG_INFORMATION_FORMAT = "dwarf-with-dsym";
				ENABLE_NS_ASSERTIONS = NO;
				ENABLE_STRICT_OBJC_MSGSEND = YES;
				ENABLE_USER_SCRIPT_SANDBOXING = YES;
				GCC_C_LANGUAGE_STANDARD = gnu17;
				GCC_NO_COMMON_BLOCKS = YES;
				GCC_WARN_64_TO_32_BIT_CONVERSION = YES;
				GCC_WARN_ABOUT_RETURN_TYPE = YES_ERROR;
				GCC_WARN_UNDECLARED_SELECTOR = YES;
				GCC_WARN_UNINITIALIZED_AUTOS = YES_AGGRESSIVE;
				GCC_WARN_UNUSED_FUNCTION = YES;
				GCC_WARN_UNUSED_VARIABLE = YES;
				IPHONEOS_DEPLOYMENT_TARGET = 17.5;
				LOCALIZATION_PREFERS_STRING_CATALOGS = YES;
				MTL_ENABLE_DEBUG_INFO = NO;
				MTL_FAST_MATH = YES;
				SDKROOT = iphoneos;
				SWIFT_COMPILATION_MODE = wholemodule;
				VALIDATE_PRODUCT = YES;
			};
			name = Release;
		};
		ADEEC0D42D47F92000DFD376 /* Debug */ = {
			isa = XCBuildConfiguration;
			buildSettings = {
				ASSETCATALOG_COMPILER_APPICON_NAME = AppIcon;
				ASSETCATALOG_COMPILER_GLOBAL_ACCENT_COLOR_NAME = AccentColor;
				CODE_SIGN_STYLE = Automatic;
				CURRENT_PROJECT_VERSION = 1;
				GENERATE_INFOPLIST_FILE = YES;
				INFOPLIST_FILE = BME261L/Info.plist;
				INFOPLIST_KEY_UIApplicationSupportsIndirectInputEvents = YES;
				INFOPLIST_KEY_UILaunchStoryboardName = LaunchScreen;
				INFOPLIST_KEY_UIMainStoryboardFile = Main;
				INFOPLIST_KEY_UISupportedInterfaceOrientations_iPad = "UIInterfaceOrientationPortrait UIInterfaceOrientationPortraitUpsideDown UIInterfaceOrientationLandscapeLeft UIInterfaceOrientationLandscapeRight";
				INFOPLIST_KEY_UISupportedInterfaceOrientations_iPhone = "UIInterfaceOrientationPortrait UIInterfaceOrientationLandscapeLeft UIInterfaceOrientationLandscapeRight";
				LD_RUNPATH_SEARCH_PATHS = (
					"$(inherited)",
					"@executable_path/Frameworks",
				);
				MARKETING_VERSION = 1.0;
				PRODUCT_BUNDLE_IDENTIFIER = vrundaPatel.BME261L;
				PRODUCT_NAME = "$(TARGET_NAME)";
				SWIFT_EMIT_LOC_STRINGS = YES;
				SWIFT_VERSION = 5.0;
				TARGETED_DEVICE_FAMILY = "1,2";
			};
			name = Debug;
		};
		ADEEC0D52D47F92000DFD376 /* Release */ = {
			isa = XCBuildConfiguration;
			buildSettings = {
				ASSETCATALOG_COMPILER_APPICON_NAME = AppIcon;
				ASSETCATALOG_COMPILER_GLOBAL_ACCENT_COLOR_NAME = AccentColor;
				CODE_SIGN_STYLE = Automatic;
				CURRENT_PROJECT_VERSION = 1;
				GENERATE_INFOPLIST_FILE = YES;
				INFOPLIST_FILE = BME261L/Info.plist;
				INFOPLIST_KEY_UIApplicationSupportsIndirectInputEvents = YES;
				INFOPLIST_KEY_UILaunchStoryboardName = LaunchScreen;
				INFOPLIST_KEY_UIMainStoryboardFile = Main;
				INFOPLIST_KEY_UISupportedInterfaceOrientations_iPad = "UIInterfaceOrientationPortrait UIInterfaceOrientationPortraitUpsideDown UIInterfaceOrientationLandscapeLeft UIInterfaceOrientationLandscapeRight";
				INFOPLIST_KEY_UISupportedInterfaceOrientations_iPhone = "UIInterfaceOrientationPortrait UIInterfaceOrientationLandscapeLeft UIInterfaceOrientationLandscapeRight";
				LD_RUNPATH_SEARCH_PATHS = (
					"$(inherited)",
					"@executable_path/Frameworks",
				);
				MARKETING_VERSION = 1.0;
				PRODUCT_BUNDLE_IDENTIFIER = vrundaPatel.BME261L;
				PRODUCT_NAME = "$(TARGET_NAME)";
				SWIFT_EMIT_LOC_STRINGS = YES;
				SWIFT_VERSION = 5.0;
				TARGETED_DEVICE_FAMILY = "1,2";
			};
			name = Release;
		};
		ADEEC0D72D47F92000DFD376 /* Debug */ = {
			isa = XCBuildConfiguration;
			buildSettings = {
				ALWAYS_EMBED_SWIFT_STANDARD_LIBRARIES = YES;
				BUNDLE_LOADER = "$(TEST_HOST)";
				CODE_SIGN_STYLE = Automatic;
				CURRENT_PROJECT_VERSION = 1;
				GENERATE_INFOPLIST_FILE = YES;
				IPHONEOS_DEPLOYMENT_TARGET = 17.5;
				MARKETING_VERSION = 1.0;
				PRODUCT_BUNDLE_IDENTIFIER = vrundaPatel.BME261LTests;
				PRODUCT_NAME = "$(TARGET_NAME)";
				SWIFT_EMIT_LOC_STRINGS = NO;
				SWIFT_VERSION = 5.0;
				TARGETED_DEVICE_FAMILY = "1,2";
				TEST_HOST = "$(BUILT_PRODUCTS_DIR)/BME261L.app/$(BUNDLE_EXECUTABLE_FOLDER_PATH)/BME261L";
			};
			name = Debug;
		};
		ADEEC0D82D47F92000DFD376 /* Release */ = {
			isa = XCBuildConfiguration;
			buildSettings = {
				ALWAYS_EMBED_SWIFT_STANDARD_LIBRARIES = YES;
				BUNDLE_LOADER = "$(TEST_HOST)";
				CODE_SIGN_STYLE = Automatic;
				CURRENT_PROJECT_VERSION = 1;
				GENERATE_INFOPLIST_FILE = YES;
				IPHONEOS_DEPLOYMENT_TARGET = 17.5;
				MARKETING_VERSION = 1.0;
				PRODUCT_BUNDLE_IDENTIFIER = vrundaPatel.BME261LTests;
				PRODUCT_NAME = "$(TARGET_NAME)";
				SWIFT_EMIT_LOC_STRINGS = NO;
				SWIFT_VERSION = 5.0;
				TARGETED_DEVICE_FAMILY = "1,2";
				TEST_HOST = "$(BUILT_PRODUCTS_DIR)/BME261L.app/$(BUNDLE_EXECUTABLE_FOLDER_PATH)/BME261L";
			};
			name = Release;
		};
		ADEEC0DA2D47F92000DFD376 /* Debug */ = {
			isa = XCBuildConfiguration;
			buildSettings = {
				ALWAYS_EMBED_SWIFT_STANDARD_LIBRARIES = YES;
				CODE_SIGN_STYLE = Automatic;
				CURRENT_PROJECT_VERSION = 1;
				GENERATE_INFOPLIST_FILE = YES;
				MARKETING_VERSION = 1.0;
				PRODUCT_BUNDLE_IDENTIFIER = vrundaPatel.BME261LUITests;
				PRODUCT_NAME = "$(TARGET_NAME)";
				SWIFT_EMIT_LOC_STRINGS = NO;
				SWIFT_VERSION = 5.0;
				TARGETED_DEVICE_FAMILY = "1,2";
				TEST_TARGET_NAME = BME261L;
			};
			name = Debug;
		};
		ADEEC0DB2D47F92000DFD376 /* Release */ = {
			isa = XCBuildConfiguration;
			buildSettings = {
				ALWAYS_EMBED_SWIFT_STANDARD_LIBRARIES = YES;
				CODE_SIGN_STYLE = Automatic;
				CURRENT_PROJECT_VERSION = 1;
				GENERATE_INFOPLIST_FILE = YES;
				MARKETING_VERSION = 1.0;
				PRODUCT_BUNDLE_IDENTIFIER = vrundaPatel.BME261LUITests;
				PRODUCT_NAME = "$(TARGET_NAME)";
				SWIFT_EMIT_LOC_STRINGS = NO;
				SWIFT_VERSION = 5.0;
				TARGETED_DEVICE_FAMILY = "1,2";
				TEST_TARGET_NAME = BME261L;
			};
			name = Release;
		};
/* End XCBuildConfiguration section */

/* Begin XCConfigurationList section */
		ADEEC0A42D47F91E00DFD376 /* Build configuration list for PBXProject "BME261L" */ = {
			isa = XCConfigurationList;
			buildConfigurations = (
				ADEEC0D12D47F92000DFD376 /* Debug */,
				ADEEC0D22D47F92000DFD376 /* Release */,
			);
			defaultConfigurationIsVisible = 0;
			defaultConfigurationName = Release;
		};
		ADEEC0D32D47F92000DFD376 /* Build configuration list for PBXNativeTarget "BME261L" */ = {
			isa = XCConfigurationList;
			buildConfigurations = (
				ADEEC0D42D47F92000DFD376 /* Debug */,
				ADEEC0D52D47F92000DFD376 /* Release */,
			);
			defaultConfigurationIsVisible = 0;
			defaultConfigurationName = Release;
		};
		ADEEC0D62D47F92000DFD376 /* Build configuration list for PBXNativeTarget "BME261LTests" */ = {
			isa = XCConfigurationList;
			buildConfigurations = (
				ADEEC0D72D47F92000DFD376 /* Debug */,
				ADEEC0D82D47F92000DFD376 /* Release */,
			);
			defaultConfigurationIsVisible = 0;
			defaultConfigurationName = Release;
		};
		ADEEC0D92D47F92000DFD376 /* Build configuration list for PBXNativeTarget "BME261LUITests" */ = {
			isa = XCConfigurationList;
			buildConfigurations = (
				ADEEC0DA2D47F92000DFD376 /* Debug */,
				ADEEC0DB2D47F92000DFD376 /* Release */,
			);
			defaultConfigurationIsVisible = 0;
			defaultConfigurationName = Release;
		};
/* End XCConfigurationList section */

/* Begin XCRemoteSwiftPackageReference section */
		ADEEC0DE2D48414A00DFD376 /* XCRemoteSwiftPackageReference "firebase-ios-sdk" */ = {
			isa = XCRemoteSwiftPackageReference;
			repositoryURL = "https://github.com/firebase/firebase-ios-sdk";
			requirement = {
				kind = upToNextMajorVersion;
				minimumVersion = 11.7.0;
			};
		};
/* End XCRemoteSwiftPackageReference section */

/* Begin XCSwiftPackageProductDependency section */
		ADEEC0DF2D48414A00DFD376 /* FirebaseAuth */ = {
			isa = XCSwiftPackageProductDependency;
			package = ADEEC0DE2D48414A00DFD376 /* XCRemoteSwiftPackageReference "firebase-ios-sdk" */;
			productName = FirebaseAuth;
		};
		ADEEC0E12D48414A00DFD376 /* FirebaseAuthCombine-Community */ = {
			isa = XCSwiftPackageProductDependency;
			package = ADEEC0DE2D48414A00DFD376 /* XCRemoteSwiftPackageReference "firebase-ios-sdk" */;
			productName = "FirebaseAuthCombine-Community";
		};
		ADEEC0E32D48414A00DFD376 /* FirebaseCore */ = {
			isa = XCSwiftPackageProductDependency;
			package = ADEEC0DE2D48414A00DFD376 /* XCRemoteSwiftPackageReference "firebase-ios-sdk" */;
			productName = FirebaseCore;
		};
		ADEEC0E52D48414A00DFD376 /* FirebaseDatabase */ = {
			isa = XCSwiftPackageProductDependency;
			package = ADEEC0DE2D48414A00DFD376 /* XCRemoteSwiftPackageReference "firebase-ios-sdk" */;
			productName = FirebaseDatabase;
		};
		ADEEC0E72D48414A00DFD376 /* FirebaseInAppMessaging-Beta */ = {
			isa = XCSwiftPackageProductDependency;
			package = ADEEC0DE2D48414A00DFD376 /* XCRemoteSwiftPackageReference "firebase-ios-sdk" */;
			productName = "FirebaseInAppMessaging-Beta";
		};
		ADEEC0E92D48414A00DFD376 /* FirebaseMLModelDownloader */ = {
			isa = XCSwiftPackageProductDependency;
			package = ADEEC0DE2D48414A00DFD376 /* XCRemoteSwiftPackageReference "firebase-ios-sdk" */;
			productName = FirebaseMLModelDownloader;
		};
		ADEEC0EB2D48414A00DFD376 /* FirebaseMessaging */ = {
			isa = XCSwiftPackageProductDependency;
			package = ADEEC0DE2D48414A00DFD376 /* XCRemoteSwiftPackageReference "firebase-ios-sdk" */;
			productName = FirebaseMessaging;
		};
/* End XCSwiftPackageProductDependency section */
	};
	rootObject = ADEEC0A12D47F91E00DFD376 /* Project object */;
}
